
Microsoft Visual Studio Solution File, Format Version 12.00
# Visual Studio Version 17
VisualStudioVersion = 17.12.35527.113
MinimumVisualStudioVersion = 10.0.40219.1
Project("{2150E333-8FDC-42A3-9474-1A3956D46DE8}") = "Src", "Src", "{49EA1236-AD15-47B6-9CAB-2E81DD5F42E2}"
EndProject
Project("{2150E333-8FDC-42A3-9474-1A3956D46DE8}") = "API", "API", "{F0DEEE20-F258-4A21-84DA-CFD22CA2AE10}"
EndProject
Project("{2150E333-8FDC-42A3-9474-1A3956D46DE8}") = "Core", "Core", "{67AA4B73-EF4F-487A-8D2A-D73399C0EC95}"
EndProject
Project("{2150E333-8FDC-42A3-9474-1A3956D46DE8}") = "Infrastructure", "Infrastructure", "{D2DF8ED3-81A3-49C1-89C1-962AD5E5EA02}"
EndProject
Project("{FAE04EC0-301F-11D3-BF4B-00C04F79EFBC}") = "LibraryApp.API", "LibraryApp.API\LibraryApp.API.csproj", "{81EB9A93-94A2-4A13-8D89-A9F01339CEF9}"
EndProject
Project("{FAE04EC0-301F-11D3-BF4B-00C04F79EFBC}") = "LibraryApp.Application", "LibraryApp.Application\LibraryApp.Application.csproj", "{478C09CE-15FE-46EC-84A2-2565E3AA061F}"
EndProject
Project("{FAE04EC0-301F-11D3-BF4B-00C04F79EFBC}") = "LibraryApp.Domain", "LibraryApp.Domain\LibraryApp.Domain.csproj", "{0155A2ED-5CA5-4FE6-94F3-FBD77FF3267C}"
EndProject
Project("{FAE04EC0-301F-11D3-BF4B-00C04F79EFBC}") = "Library.Infrastructure", "Library.Infrastructure\Library.Infrastructure.csproj", "{08194F98-6FC7-4DD0-86A2-E07D73FD65D7}"
EndProject
Project("{FAE04EC0-301F-11D3-BF4B-00C04F79EFBC}") = "Library.Identity", "Library.Identity\Library.Identity.csproj", "{68135805-AE27-4431-8468-218705CE00D2}"
EndProject
Global
	GlobalSection(SolutionConfigurationPlatforms) = preSolution
		Debug|Any CPU = Debug|Any CPU
		Release|Any CPU = Release|Any CPU
	EndGlobalSection
	GlobalSection(ProjectConfigurationPlatforms) = postSolution
		{81EB9A93-94A2-4A13-8D89-A9F01339CEF9}.Debug|Any CPU.ActiveCfg = Debug|Any CPU
		{81EB9A93-94A2-4A13-8D89-A9F01339CEF9}.Debug|Any CPU.Build.0 = Debug|Any CPU
		{81EB9A93-94A2-4A13-8D89-A9F01339CEF9}.Release|Any CPU.ActiveCfg = Release|Any CPU
		{81EB9A93-94A2-4A13-8D89-A9F01339CEF9}.Release|Any CPU.Build.0 = Release|Any CPU
		{478C09CE-15FE-46EC-84A2-2565E3AA061F}.Debug|Any CPU.ActiveCfg = Debug|Any CPU
		{478C09CE-15FE-46EC-84A2-2565E3AA061F}.Debug|Any CPU.Build.0 = Debug|Any CPU
		{478C09CE-15FE-46EC-84A2-2565E3AA061F}.Release|Any CPU.ActiveCfg = Release|Any CPU
		{478C09CE-15FE-46EC-84A2-2565E3AA061F}.Release|Any CPU.Build.0 = Release|Any CPU
		{0155A2ED-5CA5-4FE6-94F3-FBD77FF3267C}.Debug|Any CPU.ActiveCfg = Debug|Any CPU
		{0155A2ED-5CA5-4FE6-94F3-FBD77FF3267C}.Debug|Any CPU.Build.0 = Debug|Any CPU
		{0155A2ED-5CA5-4FE6-94F3-FBD77FF3267C}.Release|Any CPU.ActiveCfg = Release|Any CPU
		{0155A2ED-5CA5-4FE6-94F3-FBD77FF3267C}.Release|Any CPU.Build.0 = Release|Any CPU
		{08194F98-6FC7-4DD0-86A2-E07D73FD65D7}.Debug|Any CPU.ActiveCfg = Debug|Any CPU
		{08194F98-6FC7-4DD0-86A2-E07D73FD65D7}.Debug|Any CPU.Build.0 = Debug|Any CPU
		{08194F98-6FC7-4DD0-86A2-E07D73FD65D7}.Release|Any CPU.ActiveCfg = Release|Any CPU
		{08194F98-6FC7-4DD0-86A2-E07D73FD65D7}.Release|Any CPU.Build.0 = Release|Any CPU
		{68135805-AE27-4431-8468-218705CE00D2}.Debug|Any CPU.ActiveCfg = Debug|Any CPU
		{68135805-AE27-4431-8468-218705CE00D2}.Debug|Any CPU.Build.0 = Debug|Any CPU
		{68135805-AE27-4431-8468-218705CE00D2}.Release|Any CPU.ActiveCfg = Release|Any CPU
		{68135805-AE27-4431-8468-218705CE00D2}.Release|Any CPU.Build.0 = Release|Any CPU
	EndGlobalSection
	GlobalSection(SolutionProperties) = preSolution
		HideSolutionNode = FALSE
	EndGlobalSection
	GlobalSection(NestedProjects) = preSolution
		{F0DEEE20-F258-4A21-84DA-CFD22CA2AE10} = {49EA1236-AD15-47B6-9CAB-2E81DD5F42E2}
		{67AA4B73-EF4F-487A-8D2A-D73399C0EC95} = {49EA1236-AD15-47B6-9CAB-2E81DD5F42E2}
		{D2DF8ED3-81A3-49C1-89C1-962AD5E5EA02} = {49EA1236-AD15-47B6-9CAB-2E81DD5F42E2}
		{81EB9A93-94A2-4A13-8D89-A9F01339CEF9} = {F0DEEE20-F258-4A21-84DA-CFD22CA2AE10}
		{478C09CE-15FE-46EC-84A2-2565E3AA061F} = {67AA4B73-EF4F-487A-8D2A-D73399C0EC95}
		{0155A2ED-5CA5-4FE6-94F3-FBD77FF3267C} = {67AA4B73-EF4F-487A-8D2A-D73399C0EC95}
		{08194F98-6FC7-4DD0-86A2-E07D73FD65D7} = {D2DF8ED3-81A3-49C1-89C1-962AD5E5EA02}
		{68135805-AE27-4431-8468-218705CE00D2} = {D2DF8ED3-81A3-49C1-89C1-962AD5E5EA02}
	EndGlobalSection
EndGlobal
